
Microsoft Visual Studio Solution File, Format Version 12.00
# Visual Studio Version 17
VisualStudioVersion = 17.10.35027.167
MinimumVisualStudioVersion = 10.0.40219.1
Project("{2150E333-8FDC-42A3-9474-1A3956D46DE8}") = "Web", "Web", "{DA9116A0-7BB6-4FE0-80C4-19F177FADE1E}"
EndProject
Project("{2150E333-8FDC-42A3-9474-1A3956D46DE8}") = "API", "API", "{6827438F-9488-4A55-8C16-8A1AF40BB73E}"
EndProject
Project("{2150E333-8FDC-42A3-9474-1A3956D46DE8}") = "Worker", "Worker", "{8276399C-C851-4AF1-A624-56394E45669F}"
EndProject
Project("{9A19103F-16F7-4668-BE54-9A1E7A4F7556}") = "TenantManagement.API", "src\API\TenantManagement.API\TenantManagement.API.csproj", "{633F3985-44CB-4DF4-9DDB-ACEE01ADBB68}"
EndProject
Project("{9A19103F-16F7-4668-BE54-9A1E7A4F7556}") = "TenantManagement.Application", "src\API\TenantManagement.Application\TenantManagement.Application.csproj", "{1208FEC5-94AA-4964-88F0-AAC4A4A3C4C5}"
EndProject
Project("{9A19103F-16F7-4668-BE54-9A1E7A4F7556}") = "TenantManagement.Domain", "src\API\TenantManagement.Domain\TenantManagement.Domain.csproj", "{AC575D3D-81C9-4FA4-8533-F3300DA47109}"
EndProject
Project("{9A19103F-16F7-4668-BE54-9A1E7A4F7556}") = "TenantManagement.Infrastructure", "src\API\TenantManagement.Infrastructure\TenantManagement.Infrastructure.csproj", "{13543CC4-CD65-4F79-9403-9A7C3FC9BB71}"
EndProject
Project("{9A19103F-16F7-4668-BE54-9A1E7A4F7556}") = "TenantManagement.Application.Tests", "src\API\TenantManagement.Application.Tests\TenantManagement.Application.Tests.csproj", "{86123C1D-884B-4E90-B07A-A8F286D257CA}"
EndProject
Project("{9A19103F-16F7-4668-BE54-9A1E7A4F7556}") = "TenantManagement.Domain.Tests", "src\API\TenantManagement.Domain.Tests\TenantManagement.Domain.Tests.csproj", "{5F4D90FE-ABBB-47FB-8C29-9A989B771278}"
EndProject
Project("{9A19103F-16F7-4668-BE54-9A1E7A4F7556}") = "TenantManagement.API.Tests", "src\API\TenantManagement.API.Tests\TenantManagement.API.Tests.csproj", "{D7A59AB4-E299-42CC-9F88-5B3387C6E8B4}"
EndProject
Project("{9A19103F-16F7-4668-BE54-9A1E7A4F7556}") = "TenantManagement.Infrastructure.Tests", "src\API\TenantManagement.Infrastructure.Tests\TenantManagement.Infrastructure.Tests.csproj", "{A73A6B5E-4CCB-4606-A441-51A2EED0392D}"
EndProject
Project("{2150E333-8FDC-42A3-9474-1A3956D46DE8}") = "TenantManagement", "TenantManagement", "{44DF455B-7B11-4C7E-923D-3857BFF78500}"
EndProject
Project("{2150E333-8FDC-42A3-9474-1A3956D46DE8}") = "ApplicationManagement", "ApplicationManagement", "{A9081E49-D140-4EAA-AA8A-36AAE0755D4A}"
EndProject
Project("{2150E333-8FDC-42A3-9474-1A3956D46DE8}") = "EditionManagement", "EditionManagement", "{8B411B79-96A8-4ADB-B04E-51635B30603F}"
EndProject
Project("{2150E333-8FDC-42A3-9474-1A3956D46DE8}") = "Member", "Member", "{9AA66F30-E54A-4D94-A6BB-CE4A576A0D3C}"
EndProject
Project("{2150E333-8FDC-42A3-9474-1A3956D46DE8}") = "Campaign", "Campaign", "{2D573C8F-0D83-4591-AF1B-F12EFBC1045E}"
EndProject
Project("{2150E333-8FDC-42A3-9474-1A3956D46DE8}") = "Point", "Point", "{B19AEC39-5F13-4712-9820-62A583CCCD2B}"
EndProject
Project("{2150E333-8FDC-42A3-9474-1A3956D46DE8}") = "Transaction", "Transaction", "{6BAF4EDF-0E88-4728-B83D-13789281244E}"
EndProject
Project("{2150E333-8FDC-42A3-9474-1A3956D46DE8}") = "Wallet", "Wallet", "{23D692F1-DD1B-46EB-BED2-2E896E9F4307}"
EndProject
Project("{2150E333-8FDC-42A3-9474-1A3956D46DE8}") = "Webhook", "Webhook", "{B61B7E32-A333-4ADF-B12D-AD4A9C066805}"
EndProject
Project("{2150E333-8FDC-42A3-9474-1A3956D46DE8}") = "Authorization", "Authorization", "{2A16F457-6214-4364-A4D1-BAF76037302B}"
EndProject
Project("{2150E333-8FDC-42A3-9474-1A3956D46DE8}") = "Achievement", "Achievement", "{70C40B71-19C1-44EC-8A20-CD6A540174C9}"
EndProject
Project("{2150E333-8FDC-42A3-9474-1A3956D46DE8}") = "Acl", "Acl", "{1FA2415F-FB12-4E2C-A686-64F96720F892}"
EndProject
Project("{2150E333-8FDC-42A3-9474-1A3956D46DE8}") = "Administration", "Administration", "{40675779-2A13-4A11-A8F7-7627BEDE88FA}"
EndProject
Project("{2150E333-8FDC-42A3-9474-1A3956D46DE8}") = "Analytics", "Analytics", "{98968103-AFD1-4E53-A3C8-8E13FF5C09C6}"
EndProject
Project("{2150E333-8FDC-42A3-9474-1A3956D46DE8}") = "Audit", "Audit", "{266A7353-9E7F-428F-B40E-E9B5C684F5FC}"
EndProject
Project("{2150E333-8FDC-42A3-9474-1A3956D46DE8}") = "Channel", "Channel", "{F34136FA-7D5C-47A4-B555-92D3839588E2}"
EndProject
Project("{2150E333-8FDC-42A3-9474-1A3956D46DE8}") = "CustomEvent", "CustomEvent", "{C82C65F2-4032-4E63-8096-7303C80BAF21}"
EndProject
Project("{2150E333-8FDC-42A3-9474-1A3956D46DE8}") = "Language", "Language", "{133E818C-E3E3-425E-BCDD-45141EF5F138}"
EndProject
Project("{2150E333-8FDC-42A3-9474-1A3956D46DE8}") = "Reward", "Reward", "{1C6AAF7E-3B0A-4E7C-B228-02F380FCB16A}"
EndProject
Project("{2150E333-8FDC-42A3-9474-1A3956D46DE8}") = "Segment", "Segment", "{D11B4218-D92B-485A-807F-15BA4096222E}"
EndProject
Project("{2150E333-8FDC-42A3-9474-1A3956D46DE8}") = "Settings", "Settings", "{1E06AC94-D9B1-4A55-B5AC-E1DFD8482B53}"
EndProject
Project("{2150E333-8FDC-42A3-9474-1A3956D46DE8}") = "Import", "Import", "{0161AD63-A995-432A-A953-75888CEC1610}"
EndProject
Project("{2150E333-8FDC-42A3-9474-1A3956D46DE8}") = "Export", "Export", "{26C68456-92CF-4933-A0FE-FFB3BF104797}"
EndProject
Project("{FAE04EC0-301F-11D3-BF4B-00C04F79EFBC}") = "Achievement.API", "src\API\Achievement.API\Achievement.API.csproj", "{B5261E81-3964-46FD-91CF-D97B5E1C72FA}"
EndProject
Project("{FAE04EC0-301F-11D3-BF4B-00C04F79EFBC}") = "Acl.API", "src\API\Acl.API\Acl.API.csproj", "{B48CE163-4A9F-4F35-87AC-190619A8EF38}"
EndProject
Project("{FAE04EC0-301F-11D3-BF4B-00C04F79EFBC}") = "Analytics.API", "src\API\Analytics.API\Analytics.API.csproj", "{54159DC3-4B83-4C8F-ACE3-454E048668F0}"
EndProject
Project("{9A19103F-16F7-4668-BE54-9A1E7A4F7556}") = "Administration.API", "src\API\Administration.API\Administration.API.csproj", "{9EEC0F58-40B5-4AB9-A1EC-ED7074D33A24}"
EndProject
Project("{FAE04EC0-301F-11D3-BF4B-00C04F79EFBC}") = "Audit.API", "src\API\Audit.API\Audit.API.csproj", "{F4E5F4A5-0A60-4A2F-A160-2B86A2192D4F}"
EndProject
Project("{FAE04EC0-301F-11D3-BF4B-00C04F79EFBC}") = "Campaign.API", "src\API\Campaign.API\Campaign.API.csproj", "{09B9342B-55A4-41CC-B6E4-22F868268A14}"
EndProject
Project("{FAE04EC0-301F-11D3-BF4B-00C04F79EFBC}") = "Channel.API", "src\API\Channel.API\Channel.API.csproj", "{EB55B46C-FB83-44AD-B183-A9693DED5D3F}"
EndProject
Project("{FAE04EC0-301F-11D3-BF4B-00C04F79EFBC}") = "CustomEvent.API", "src\API\CustomEvent.API\CustomEvent.API.csproj", "{4934B76E-A430-45FA-9B35-C31597A3FB26}"
EndProject
Project("{FAE04EC0-301F-11D3-BF4B-00C04F79EFBC}") = "Language.API", "src\API\Language.API\Language.API.csproj", "{592C4007-FEF6-4E61-B29D-6C09259A3443}"
EndProject
Project("{FAE04EC0-301F-11D3-BF4B-00C04F79EFBC}") = "Member.API", "src\API\Member.API\Member.API.csproj", "{9D06C141-D669-45A0-AA8D-72D3B2EDC45A}"
EndProject
Project("{FAE04EC0-301F-11D3-BF4B-00C04F79EFBC}") = "Point.API", "src\API\Point.API\Point.API.csproj", "{8071E7A4-9DB3-41B8-B797-AC5678DA8B1F}"
EndProject
Project("{FAE04EC0-301F-11D3-BF4B-00C04F79EFBC}") = "Reward.API", "src\API\Reward.API\Reward.API.csproj", "{46DCC5D2-34A1-4851-B442-4EDE7671F4FB}"
EndProject
Project("{FAE04EC0-301F-11D3-BF4B-00C04F79EFBC}") = "Segment.API", "src\API\Segment.API\Segment.API.csproj", "{FEDF661B-241E-4D74-8DA6-DA3D386A3BE8}"
EndProject
Project("{FAE04EC0-301F-11D3-BF4B-00C04F79EFBC}") = "Settings.API", "src\API\Settings.API\Settings.API.csproj", "{66753D18-E1E9-494C-8A9C-11B0A6BFA07F}"
EndProject
Project("{FAE04EC0-301F-11D3-BF4B-00C04F79EFBC}") = "Transaction.API", "src\API\Transaction.API\Transaction.API.csproj", "{6210E317-FA04-4753-A5C1-841ECBC2CDD6}"
EndProject
Project("{FAE04EC0-301F-11D3-BF4B-00C04F79EFBC}") = "Wallet.API", "src\API\Wallet.API\Wallet.API.csproj", "{88B05757-AC4A-4D90-89CA-6372A6C2EE36}"
EndProject
Project("{FAE04EC0-301F-11D3-BF4B-00C04F79EFBC}") = "Webhook.API", "src\API\Webhook.API\Webhook.API.csproj", "{9B145FDA-C73C-484E-9568-DA3DE6958BCF}"
EndProject
Global
	GlobalSection(SolutionConfigurationPlatforms) = preSolution
		Debug|Any CPU = Debug|Any CPU
		Release|Any CPU = Release|Any CPU
	EndGlobalSection
	GlobalSection(ProjectConfigurationPlatforms) = postSolution
		{633F3985-44CB-4DF4-9DDB-ACEE01ADBB68}.Debug|Any CPU.ActiveCfg = Debug|Any CPU
		{633F3985-44CB-4DF4-9DDB-ACEE01ADBB68}.Debug|Any CPU.Build.0 = Debug|Any CPU
		{633F3985-44CB-4DF4-9DDB-ACEE01ADBB68}.Release|Any CPU.ActiveCfg = Release|Any CPU
		{633F3985-44CB-4DF4-9DDB-ACEE01ADBB68}.Release|Any CPU.Build.0 = Release|Any CPU
		{1208FEC5-94AA-4964-88F0-AAC4A4A3C4C5}.Debug|Any CPU.ActiveCfg = Debug|Any CPU
		{1208FEC5-94AA-4964-88F0-AAC4A4A3C4C5}.Debug|Any CPU.Build.0 = Debug|Any CPU
		{1208FEC5-94AA-4964-88F0-AAC4A4A3C4C5}.Release|Any CPU.ActiveCfg = Release|Any CPU
		{1208FEC5-94AA-4964-88F0-AAC4A4A3C4C5}.Release|Any CPU.Build.0 = Release|Any CPU
		{AC575D3D-81C9-4FA4-8533-F3300DA47109}.Debug|Any CPU.ActiveCfg = Debug|Any CPU
		{AC575D3D-81C9-4FA4-8533-F3300DA47109}.Debug|Any CPU.Build.0 = Debug|Any CPU
		{AC575D3D-81C9-4FA4-8533-F3300DA47109}.Release|Any CPU.ActiveCfg = Release|Any CPU
		{AC575D3D-81C9-4FA4-8533-F3300DA47109}.Release|Any CPU.Build.0 = Release|Any CPU
		{13543CC4-CD65-4F79-9403-9A7C3FC9BB71}.Debug|Any CPU.ActiveCfg = Debug|Any CPU
		{13543CC4-CD65-4F79-9403-9A7C3FC9BB71}.Debug|Any CPU.Build.0 = Debug|Any CPU
		{13543CC4-CD65-4F79-9403-9A7C3FC9BB71}.Release|Any CPU.ActiveCfg = Release|Any CPU
		{13543CC4-CD65-4F79-9403-9A7C3FC9BB71}.Release|Any CPU.Build.0 = Release|Any CPU
		{86123C1D-884B-4E90-B07A-A8F286D257CA}.Debug|Any CPU.ActiveCfg = Debug|Any CPU
		{86123C1D-884B-4E90-B07A-A8F286D257CA}.Debug|Any CPU.Build.0 = Debug|Any CPU
		{86123C1D-884B-4E90-B07A-A8F286D257CA}.Release|Any CPU.ActiveCfg = Release|Any CPU
		{86123C1D-884B-4E90-B07A-A8F286D257CA}.Release|Any CPU.Build.0 = Release|Any CPU
		{5F4D90FE-ABBB-47FB-8C29-9A989B771278}.Debug|Any CPU.ActiveCfg = Debug|Any CPU
		{5F4D90FE-ABBB-47FB-8C29-9A989B771278}.Debug|Any CPU.Build.0 = Debug|Any CPU
		{5F4D90FE-ABBB-47FB-8C29-9A989B771278}.Release|Any CPU.ActiveCfg = Release|Any CPU
		{5F4D90FE-ABBB-47FB-8C29-9A989B771278}.Release|Any CPU.Build.0 = Release|Any CPU
		{D7A59AB4-E299-42CC-9F88-5B3387C6E8B4}.Debug|Any CPU.ActiveCfg = Debug|Any CPU
		{D7A59AB4-E299-42CC-9F88-5B3387C6E8B4}.Debug|Any CPU.Build.0 = Debug|Any CPU
		{D7A59AB4-E299-42CC-9F88-5B3387C6E8B4}.Release|Any CPU.ActiveCfg = Release|Any CPU
		{D7A59AB4-E299-42CC-9F88-5B3387C6E8B4}.Release|Any CPU.Build.0 = Release|Any CPU
		{A73A6B5E-4CCB-4606-A441-51A2EED0392D}.Debug|Any CPU.ActiveCfg = Debug|Any CPU
		{A73A6B5E-4CCB-4606-A441-51A2EED0392D}.Debug|Any CPU.Build.0 = Debug|Any CPU
		{A73A6B5E-4CCB-4606-A441-51A2EED0392D}.Release|Any CPU.ActiveCfg = Release|Any CPU
		{A73A6B5E-4CCB-4606-A441-51A2EED0392D}.Release|Any CPU.Build.0 = Release|Any CPU
		{B5261E81-3964-46FD-91CF-D97B5E1C72FA}.Debug|Any CPU.ActiveCfg = Debug|Any CPU
		{B5261E81-3964-46FD-91CF-D97B5E1C72FA}.Debug|Any CPU.Build.0 = Debug|Any CPU
		{B5261E81-3964-46FD-91CF-D97B5E1C72FA}.Release|Any CPU.ActiveCfg = Release|Any CPU
		{B5261E81-3964-46FD-91CF-D97B5E1C72FA}.Release|Any CPU.Build.0 = Release|Any CPU
		{B48CE163-4A9F-4F35-87AC-190619A8EF38}.Debug|Any CPU.ActiveCfg = Debug|Any CPU
		{B48CE163-4A9F-4F35-87AC-190619A8EF38}.Debug|Any CPU.Build.0 = Debug|Any CPU
		{B48CE163-4A9F-4F35-87AC-190619A8EF38}.Release|Any CPU.ActiveCfg = Release|Any CPU
		{B48CE163-4A9F-4F35-87AC-190619A8EF38}.Release|Any CPU.Build.0 = Release|Any CPU
		{54159DC3-4B83-4C8F-ACE3-454E048668F0}.Debug|Any CPU.ActiveCfg = Debug|Any CPU
		{54159DC3-4B83-4C8F-ACE3-454E048668F0}.Debug|Any CPU.Build.0 = Debug|Any CPU
		{54159DC3-4B83-4C8F-ACE3-454E048668F0}.Release|Any CPU.ActiveCfg = Release|Any CPU
		{54159DC3-4B83-4C8F-ACE3-454E048668F0}.Release|Any CPU.Build.0 = Release|Any CPU
		{9EEC0F58-40B5-4AB9-A1EC-ED7074D33A24}.Debug|Any CPU.ActiveCfg = Debug|Any CPU
		{9EEC0F58-40B5-4AB9-A1EC-ED7074D33A24}.Debug|Any CPU.Build.0 = Debug|Any CPU
		{9EEC0F58-40B5-4AB9-A1EC-ED7074D33A24}.Release|Any CPU.ActiveCfg = Release|Any CPU
		{9EEC0F58-40B5-4AB9-A1EC-ED7074D33A24}.Release|Any CPU.Build.0 = Release|Any CPU
		{F4E5F4A5-0A60-4A2F-A160-2B86A2192D4F}.Debug|Any CPU.ActiveCfg = Debug|Any CPU
		{F4E5F4A5-0A60-4A2F-A160-2B86A2192D4F}.Debug|Any CPU.Build.0 = Debug|Any CPU
		{F4E5F4A5-0A60-4A2F-A160-2B86A2192D4F}.Release|Any CPU.ActiveCfg = Release|Any CPU
		{F4E5F4A5-0A60-4A2F-A160-2B86A2192D4F}.Release|Any CPU.Build.0 = Release|Any CPU
		{09B9342B-55A4-41CC-B6E4-22F868268A14}.Debug|Any CPU.ActiveCfg = Debug|Any CPU
		{09B9342B-55A4-41CC-B6E4-22F868268A14}.Debug|Any CPU.Build.0 = Debug|Any CPU
		{09B9342B-55A4-41CC-B6E4-22F868268A14}.Release|Any CPU.ActiveCfg = Release|Any CPU
		{09B9342B-55A4-41CC-B6E4-22F868268A14}.Release|Any CPU.Build.0 = Release|Any CPU
		{EB55B46C-FB83-44AD-B183-A9693DED5D3F}.Debug|Any CPU.ActiveCfg = Debug|Any CPU
		{EB55B46C-FB83-44AD-B183-A9693DED5D3F}.Debug|Any CPU.Build.0 = Debug|Any CPU
		{EB55B46C-FB83-44AD-B183-A9693DED5D3F}.Release|Any CPU.ActiveCfg = Release|Any CPU
		{EB55B46C-FB83-44AD-B183-A9693DED5D3F}.Release|Any CPU.Build.0 = Release|Any CPU
		{4934B76E-A430-45FA-9B35-C31597A3FB26}.Debug|Any CPU.ActiveCfg = Debug|Any CPU
		{4934B76E-A430-45FA-9B35-C31597A3FB26}.Debug|Any CPU.Build.0 = Debug|Any CPU
		{4934B76E-A430-45FA-9B35-C31597A3FB26}.Release|Any CPU.ActiveCfg = Release|Any CPU
		{4934B76E-A430-45FA-9B35-C31597A3FB26}.Release|Any CPU.Build.0 = Release|Any CPU
		{592C4007-FEF6-4E61-B29D-6C09259A3443}.Debug|Any CPU.ActiveCfg = Debug|Any CPU
		{592C4007-FEF6-4E61-B29D-6C09259A3443}.Debug|Any CPU.Build.0 = Debug|Any CPU
		{592C4007-FEF6-4E61-B29D-6C09259A3443}.Release|Any CPU.ActiveCfg = Release|Any CPU
		{592C4007-FEF6-4E61-B29D-6C09259A3443}.Release|Any CPU.Build.0 = Release|Any CPU
		{9D06C141-D669-45A0-AA8D-72D3B2EDC45A}.Debug|Any CPU.ActiveCfg = Debug|Any CPU
		{9D06C141-D669-45A0-AA8D-72D3B2EDC45A}.Debug|Any CPU.Build.0 = Debug|Any CPU
		{9D06C141-D669-45A0-AA8D-72D3B2EDC45A}.Release|Any CPU.ActiveCfg = Release|Any CPU
		{9D06C141-D669-45A0-AA8D-72D3B2EDC45A}.Release|Any CPU.Build.0 = Release|Any CPU
		{8071E7A4-9DB3-41B8-B797-AC5678DA8B1F}.Debug|Any CPU.ActiveCfg = Debug|Any CPU
		{8071E7A4-9DB3-41B8-B797-AC5678DA8B1F}.Debug|Any CPU.Build.0 = Debug|Any CPU
		{8071E7A4-9DB3-41B8-B797-AC5678DA8B1F}.Release|Any CPU.ActiveCfg = Release|Any CPU
		{8071E7A4-9DB3-41B8-B797-AC5678DA8B1F}.Release|Any CPU.Build.0 = Release|Any CPU
		{46DCC5D2-34A1-4851-B442-4EDE7671F4FB}.Debug|Any CPU.ActiveCfg = Debug|Any CPU
		{46DCC5D2-34A1-4851-B442-4EDE7671F4FB}.Debug|Any CPU.Build.0 = Debug|Any CPU
		{46DCC5D2-34A1-4851-B442-4EDE7671F4FB}.Release|Any CPU.ActiveCfg = Release|Any CPU
		{46DCC5D2-34A1-4851-B442-4EDE7671F4FB}.Release|Any CPU.Build.0 = Release|Any CPU
		{FEDF661B-241E-4D74-8DA6-DA3D386A3BE8}.Debug|Any CPU.ActiveCfg = Debug|Any CPU
		{FEDF661B-241E-4D74-8DA6-DA3D386A3BE8}.Debug|Any CPU.Build.0 = Debug|Any CPU
		{FEDF661B-241E-4D74-8DA6-DA3D386A3BE8}.Release|Any CPU.ActiveCfg = Release|Any CPU
		{FEDF661B-241E-4D74-8DA6-DA3D386A3BE8}.Release|Any CPU.Build.0 = Release|Any CPU
		{66753D18-E1E9-494C-8A9C-11B0A6BFA07F}.Debug|Any CPU.ActiveCfg = Debug|Any CPU
		{66753D18-E1E9-494C-8A9C-11B0A6BFA07F}.Debug|Any CPU.Build.0 = Debug|Any CPU
		{66753D18-E1E9-494C-8A9C-11B0A6BFA07F}.Release|Any CPU.ActiveCfg = Release|Any CPU
		{66753D18-E1E9-494C-8A9C-11B0A6BFA07F}.Release|Any CPU.Build.0 = Release|Any CPU
		{6210E317-FA04-4753-A5C1-841ECBC2CDD6}.Debug|Any CPU.ActiveCfg = Debug|Any CPU
		{6210E317-FA04-4753-A5C1-841ECBC2CDD6}.Debug|Any CPU.Build.0 = Debug|Any CPU
		{6210E317-FA04-4753-A5C1-841ECBC2CDD6}.Release|Any CPU.ActiveCfg = Release|Any CPU
		{6210E317-FA04-4753-A5C1-841ECBC2CDD6}.Release|Any CPU.Build.0 = Release|Any CPU
		{88B05757-AC4A-4D90-89CA-6372A6C2EE36}.Debug|Any CPU.ActiveCfg = Debug|Any CPU
		{88B05757-AC4A-4D90-89CA-6372A6C2EE36}.Debug|Any CPU.Build.0 = Debug|Any CPU
		{88B05757-AC4A-4D90-89CA-6372A6C2EE36}.Release|Any CPU.ActiveCfg = Release|Any CPU
		{88B05757-AC4A-4D90-89CA-6372A6C2EE36}.Release|Any CPU.Build.0 = Release|Any CPU
		{9B145FDA-C73C-484E-9568-DA3DE6958BCF}.Debug|Any CPU.ActiveCfg = Debug|Any CPU
		{9B145FDA-C73C-484E-9568-DA3DE6958BCF}.Debug|Any CPU.Build.0 = Debug|Any CPU
		{9B145FDA-C73C-484E-9568-DA3DE6958BCF}.Release|Any CPU.ActiveCfg = Release|Any CPU
		{9B145FDA-C73C-484E-9568-DA3DE6958BCF}.Release|Any CPU.Build.0 = Release|Any CPU
	EndGlobalSection
	GlobalSection(SolutionProperties) = preSolution
		HideSolutionNode = FALSE
	EndGlobalSection
	GlobalSection(NestedProjects) = preSolution
		{633F3985-44CB-4DF4-9DDB-ACEE01ADBB68} = {44DF455B-7B11-4C7E-923D-3857BFF78500}
		{1208FEC5-94AA-4964-88F0-AAC4A4A3C4C5} = {44DF455B-7B11-4C7E-923D-3857BFF78500}
		{AC575D3D-81C9-4FA4-8533-F3300DA47109} = {44DF455B-7B11-4C7E-923D-3857BFF78500}
		{13543CC4-CD65-4F79-9403-9A7C3FC9BB71} = {44DF455B-7B11-4C7E-923D-3857BFF78500}
		{86123C1D-884B-4E90-B07A-A8F286D257CA} = {44DF455B-7B11-4C7E-923D-3857BFF78500}
		{5F4D90FE-ABBB-47FB-8C29-9A989B771278} = {44DF455B-7B11-4C7E-923D-3857BFF78500}
		{D7A59AB4-E299-42CC-9F88-5B3387C6E8B4} = {44DF455B-7B11-4C7E-923D-3857BFF78500}
		{A73A6B5E-4CCB-4606-A441-51A2EED0392D} = {44DF455B-7B11-4C7E-923D-3857BFF78500}
		{44DF455B-7B11-4C7E-923D-3857BFF78500} = {6827438F-9488-4A55-8C16-8A1AF40BB73E}
		{A9081E49-D140-4EAA-AA8A-36AAE0755D4A} = {6827438F-9488-4A55-8C16-8A1AF40BB73E}
		{8B411B79-96A8-4ADB-B04E-51635B30603F} = {6827438F-9488-4A55-8C16-8A1AF40BB73E}
		{9AA66F30-E54A-4D94-A6BB-CE4A576A0D3C} = {6827438F-9488-4A55-8C16-8A1AF40BB73E}
		{2D573C8F-0D83-4591-AF1B-F12EFBC1045E} = {6827438F-9488-4A55-8C16-8A1AF40BB73E}
		{B19AEC39-5F13-4712-9820-62A583CCCD2B} = {6827438F-9488-4A55-8C16-8A1AF40BB73E}
		{6BAF4EDF-0E88-4728-B83D-13789281244E} = {6827438F-9488-4A55-8C16-8A1AF40BB73E}
		{23D692F1-DD1B-46EB-BED2-2E896E9F4307} = {6827438F-9488-4A55-8C16-8A1AF40BB73E}
		{B61B7E32-A333-4ADF-B12D-AD4A9C066805} = {6827438F-9488-4A55-8C16-8A1AF40BB73E}
		{2A16F457-6214-4364-A4D1-BAF76037302B} = {6827438F-9488-4A55-8C16-8A1AF40BB73E}
		{70C40B71-19C1-44EC-8A20-CD6A540174C9} = {6827438F-9488-4A55-8C16-8A1AF40BB73E}
		{1FA2415F-FB12-4E2C-A686-64F96720F892} = {6827438F-9488-4A55-8C16-8A1AF40BB73E}
		{40675779-2A13-4A11-A8F7-7627BEDE88FA} = {6827438F-9488-4A55-8C16-8A1AF40BB73E}
		{98968103-AFD1-4E53-A3C8-8E13FF5C09C6} = {6827438F-9488-4A55-8C16-8A1AF40BB73E}
		{266A7353-9E7F-428F-B40E-E9B5C684F5FC} = {6827438F-9488-4A55-8C16-8A1AF40BB73E}
		{F34136FA-7D5C-47A4-B555-92D3839588E2} = {6827438F-9488-4A55-8C16-8A1AF40BB73E}
		{C82C65F2-4032-4E63-8096-7303C80BAF21} = {6827438F-9488-4A55-8C16-8A1AF40BB73E}
		{133E818C-E3E3-425E-BCDD-45141EF5F138} = {6827438F-9488-4A55-8C16-8A1AF40BB73E}
		{1C6AAF7E-3B0A-4E7C-B228-02F380FCB16A} = {6827438F-9488-4A55-8C16-8A1AF40BB73E}
		{D11B4218-D92B-485A-807F-15BA4096222E} = {6827438F-9488-4A55-8C16-8A1AF40BB73E}
		{1E06AC94-D9B1-4A55-B5AC-E1DFD8482B53} = {6827438F-9488-4A55-8C16-8A1AF40BB73E}
		{0161AD63-A995-432A-A953-75888CEC1610} = {6827438F-9488-4A55-8C16-8A1AF40BB73E}
		{26C68456-92CF-4933-A0FE-FFB3BF104797} = {6827438F-9488-4A55-8C16-8A1AF40BB73E}
		{B5261E81-3964-46FD-91CF-D97B5E1C72FA} = {70C40B71-19C1-44EC-8A20-CD6A540174C9}
		{B48CE163-4A9F-4F35-87AC-190619A8EF38} = {1FA2415F-FB12-4E2C-A686-64F96720F892}
		{54159DC3-4B83-4C8F-ACE3-454E048668F0} = {98968103-AFD1-4E53-A3C8-8E13FF5C09C6}
		{9EEC0F58-40B5-4AB9-A1EC-ED7074D33A24} = {40675779-2A13-4A11-A8F7-7627BEDE88FA}
		{F4E5F4A5-0A60-4A2F-A160-2B86A2192D4F} = {266A7353-9E7F-428F-B40E-E9B5C684F5FC}
		{09B9342B-55A4-41CC-B6E4-22F868268A14} = {2D573C8F-0D83-4591-AF1B-F12EFBC1045E}
		{EB55B46C-FB83-44AD-B183-A9693DED5D3F} = {F34136FA-7D5C-47A4-B555-92D3839588E2}
		{4934B76E-A430-45FA-9B35-C31597A3FB26} = {C82C65F2-4032-4E63-8096-7303C80BAF21}
		{592C4007-FEF6-4E61-B29D-6C09259A3443} = {133E818C-E3E3-425E-BCDD-45141EF5F138}
		{9D06C141-D669-45A0-AA8D-72D3B2EDC45A} = {9AA66F30-E54A-4D94-A6BB-CE4A576A0D3C}
		{8071E7A4-9DB3-41B8-B797-AC5678DA8B1F} = {B19AEC39-5F13-4712-9820-62A583CCCD2B}
		{46DCC5D2-34A1-4851-B442-4EDE7671F4FB} = {1C6AAF7E-3B0A-4E7C-B228-02F380FCB16A}
		{FEDF661B-241E-4D74-8DA6-DA3D386A3BE8} = {D11B4218-D92B-485A-807F-15BA4096222E}
		{66753D18-E1E9-494C-8A9C-11B0A6BFA07F} = {1E06AC94-D9B1-4A55-B5AC-E1DFD8482B53}
		{6210E317-FA04-4753-A5C1-841ECBC2CDD6} = {6BAF4EDF-0E88-4728-B83D-13789281244E}
		{88B05757-AC4A-4D90-89CA-6372A6C2EE36} = {23D692F1-DD1B-46EB-BED2-2E896E9F4307}
		{9B145FDA-C73C-484E-9568-DA3DE6958BCF} = {B61B7E32-A333-4ADF-B12D-AD4A9C066805}
	EndGlobalSection
	GlobalSection(ExtensibilityGlobals) = postSolution
		SolutionGuid = {707FA48B-1B76-4BCD-A82A-725B5479C2C8}
	EndGlobalSection
EndGlobal
